
Microsoft Visual Studio Solution File, Format Version 12.00
# Visual Studio Version 17
VisualStudioVersion = 17.0.32126.317
MinimumVisualStudioVersion = 10.0.40219.1
Project("{FAE04EC0-301F-11D3-BF4B-00C04F79EFBC}") = "triangulo_funcoes", "triangulo_funcoes.csproj", "{657549CD-4F80-443F-AE68-38FE415D346C}"
EndProject
Project("{FAE04EC0-301F-11D3-BF4B-00C04F79EFBC}") = "triangulo_classes", "..\triangulo_classes\triangulo_classes.csproj", "{9F4109FF-C188-4891-89FD-D17302730209}"
EndProject
Global
	GlobalSection(SolutionConfigurationPlatforms) = preSolution
		Debug|Any CPU = Debug|Any CPU
		Release|Any CPU = Release|Any CPU
	EndGlobalSection
	GlobalSection(ProjectConfigurationPlatforms) = postSolution
		{657549CD-4F80-443F-AE68-38FE415D346C}.Debug|Any CPU.ActiveCfg = Debug|Any CPU
		{657549CD-4F80-443F-AE68-38FE415D346C}.Debug|Any CPU.Build.0 = Debug|Any CPU
		{657549CD-4F80-443F-AE68-38FE415D346C}.Release|Any CPU.ActiveCfg = Release|Any CPU
		{657549CD-4F80-443F-AE68-38FE415D346C}.Release|Any CPU.Build.0 = Release|Any CPU
		{9F4109FF-C188-4891-89FD-D17302730209}.Debug|Any CPU.ActiveCfg = Debug|Any CPU
		{9F4109FF-C188-4891-89FD-D17302730209}.Debug|Any CPU.Build.0 = Debug|Any CPU
		{9F4109FF-C188-4891-89FD-D17302730209}.Release|Any CPU.ActiveCfg = Release|Any CPU
		{9F4109FF-C188-4891-89FD-D17302730209}.Release|Any CPU.Build.0 = Release|Any CPU
	EndGlobalSection
	GlobalSection(SolutionProperties) = preSolution
		HideSolutionNode = FALSE
	EndGlobalSection
	GlobalSection(ExtensibilityGlobals) = postSolution
		SolutionGuid = {5BBFD0BF-2F2C-4288-A6C1-E270BD017A66}
	EndGlobalSection
EndGlobal
